PODS:
  - ObjectMapper (3.5.1)
  - Realm (3.17.1):
    - Realm/Headers (= 3.17.1)
  - Realm/Headers (3.17.1)
  - RealmSwift (3.17.1):
    - Realm (= 3.17.1)

DEPENDENCIES:
  - ObjectMapper (~> 3.5.0)
  - RealmSwift (~> 3.17.1)

SPEC REPOS:
  trunk:
    - ObjectMapper
    - Realm
    - RealmSwift

SPEC CHECKSUMS:
  ObjectMapper: 70187b8941977c62ccfb423caf6b50be405cabf0
  Realm: c204f1a890f07dea43b14132a6aad118c054b8f2
  RealmSwift: 4d3c9233544b9cd08a8913e0872b9038eb99b054

PODFILE CHECKSUM: f48e2e5f9255411fe5fe9e4f4f62344cf6a23114

COCOAPODS: 1.8.3
