PODS:
  - ObjectMapper (3.5.1)
  - Realm (3.20.0):
    - Realm/Headers (= 3.20.0)
  - Realm/Headers (3.20.0)
  - RealmSwift (3.20.0):
    - Realm (= 3.20.0)

DEPENDENCIES:
  - ObjectMapper (~> 3.5.0)
  - RealmSwift (~> 3.20.0)

SPEC REPOS:
  trunk:
    - ObjectMapper
    - Realm
    - RealmSwift

SPEC CHECKSUMS:
  ObjectMapper: 70187b8941977c62ccfb423caf6b50be405cabf0
  Realm: 8b2ca5bc6479a91f379b6b42b5922e396cd5ba5a
  RealmSwift: 1949ef26a279e1845bd51d591b9103adfcd121df

PODFILE CHECKSUM: 07d0c6e281d810b6a97d043ed73d2165e99730ad

COCOAPODS: 1.8.4
